# This is a Gradle generated file for dependency locking.
# Manual edits can break the build and are not advised.
# This file is expected to be part of source control.
com.fasterxml.jackson:jackson-bom:2.14.1=compileClasspath,functionalTestCompileClasspath,functionalTestRuntimeClasspath,runtimeClasspath,stepdefsCompileClasspath,stepdefsRuntimeClasspath,testCompileClasspath,testRuntimeClasspath
io.cucumber:ci-environment:9.1.0=functionalTestCompileClasspath,functionalTestRuntimeClasspath,stepdefsCompileClasspath,stepdefsRuntimeClasspath
io.cucumber:cucumber-bom:7.11.0=compileClasspath,functionalTestCompileClasspath,functionalTestRuntimeClasspath,runtimeClasspath,stepdefsCompileClasspath,stepdefsRuntimeClasspath,testCompileClasspath,testRuntimeClasspath
io.cucumber:cucumber-core:7.11.0=functionalTestCompileClasspath,functionalTestRuntimeClasspath,stepdefsCompileClasspath,stepdefsRuntimeClasspath
io.cucumber:cucumber-expressions:16.1.1=functionalTestCompileClasspath,functionalTestRuntimeClasspath,stepdefsCompileClasspath,stepdefsRuntimeClasspath
io.cucumber:cucumber-gherkin-messages:7.11.0=functionalTestCompileClasspath,functionalTestRuntimeClasspath,stepdefsCompileClasspath,stepdefsRuntimeClasspath
io.cucumber:cucumber-gherkin:7.11.0=functionalTestCompileClasspath,functionalTestRuntimeClasspath,stepdefsCompileClasspath,stepdefsRuntimeClasspath
io.cucumber:cucumber-java:7.11.0=functionalTestRuntimeClasspath,stepdefsCompileClasspath,stepdefsRuntimeClasspath
io.cucumber:cucumber-junit-platform-engine:7.11.0=functionalTestCompileClasspath,functionalTestRuntimeClasspath
io.cucumber:cucumber-picocontainer:7.11.0=functionalTestRuntimeClasspath,stepdefsCompileClasspath,stepdefsRuntimeClasspath
io.cucumber:cucumber-plugin:7.11.0=functionalTestCompileClasspath,functionalTestRuntimeClasspath,stepdefsCompileClasspath,stepdefsRuntimeClasspath
io.cucumber:datatable:7.11.0=functionalTestCompileClasspath,functionalTestRuntimeClasspath,stepdefsCompileClasspath,stepdefsRuntimeClasspath
io.cucumber:docstring:7.11.0=functionalTestCompileClasspath,functionalTestRuntimeClasspath,stepdefsCompileClasspath,stepdefsRuntimeClasspath
io.cucumber:gherkin:26.0.3=functionalTestCompileClasspath,functionalTestRuntimeClasspath,stepdefsCompileClasspath,stepdefsRuntimeClasspath
io.cucumber:html-formatter:20.2.1=functionalTestCompileClasspath,functionalTestRuntimeClasspath,stepdefsCompileClasspath,stepdefsRuntimeClasspath
io.cucumber:junit-xml-formatter:0.1.0=functionalTestCompileClasspath,functionalTestRuntimeClasspath,stepdefsCompileClasspath,stepdefsRuntimeClasspath
io.cucumber:messages:21.0.1=functionalTestCompileClasspath,functionalTestRuntimeClasspath,stepdefsCompileClasspath,stepdefsRuntimeClasspath
io.cucumber:tag-expressions:5.0.1=functionalTestCompileClasspath,functionalTestRuntimeClasspath,stepdefsCompileClasspath,stepdefsRuntimeClasspath
net.bytebuddy:byte-buddy:1.12.21=functionalTestRuntimeClasspath,stepdefsCompileClasspath,stepdefsRuntimeClasspath,testCompileClasspath,testRuntimeClasspath
org.apiguardian:apiguardian-api:1.1.2=functionalTestCompileClasspath,functionalTestRuntimeClasspath,stepdefsCompileClasspath,stepdefsRuntimeClasspath,testCompileClasspath
org.assertj:assertj-bom:3.24.2=compileClasspath,functionalTestCompileClasspath,functionalTestRuntimeClasspath,runtimeClasspath,stepdefsCompileClasspath,stepdefsRuntimeClasspath,testCompileClasspath,testRuntimeClasspath
org.assertj:assertj-core:3.24.2=functionalTestRuntimeClasspath,stepdefsCompileClasspath,stepdefsRuntimeClasspath,testCompileClasspath,testRuntimeClasspath
org.junit.jupiter:junit-jupiter-api:5.9.2=functionalTestCompileClasspath,functionalTestRuntimeClasspath,testCompileClasspath,testRuntimeClasspath
org.junit.jupiter:junit-jupiter-engine:5.9.2=functionalTestRuntimeClasspath,testRuntimeClasspath
org.junit.jupiter:junit-jupiter-params:5.9.2=functionalTestCompileClasspath,functionalTestRuntimeClasspath,testCompileClasspath,testRuntimeClasspath
org.junit.jupiter:junit-jupiter:5.9.2=functionalTestCompileClasspath,functionalTestRuntimeClasspath,testCompileClasspath,testRuntimeClasspath
org.junit.platform:junit-platform-commons:1.9.2=functionalTestCompileClasspath,functionalTestRuntimeClasspath,testCompileClasspath,testRuntimeClasspath
org.junit.platform:junit-platform-engine:1.9.2=functionalTestCompileClasspath,functionalTestRuntimeClasspath,testRuntimeClasspath
org.junit.platform:junit-platform-launcher:1.9.2=functionalTestRuntimeClasspath
org.junit.platform:junit-platform-suite-api:1.9.2=functionalTestCompileClasspath,functionalTestRuntimeClasspath
org.junit.platform:junit-platform-suite-commons:1.9.2=functionalTestRuntimeClasspath
org.junit.platform:junit-platform-suite-engine:1.9.2=functionalTestRuntimeClasspath
org.junit.platform:junit-platform-suite:1.9.2=functionalTestCompileClasspath,functionalTestRuntimeClasspath
org.junit:junit-bom:5.9.2=compileClasspath,functionalTestCompileClasspath,functionalTestRuntimeClasspath,runtimeClasspath,stepdefsCompileClasspath,stepdefsRuntimeClasspath,testCompileClasspath,testRuntimeClasspath
org.opentest4j:opentest4j:1.2.0=functionalTestCompileClasspath,functionalTestRuntimeClasspath,testCompileClasspath,testRuntimeClasspath
org.picocontainer:picocontainer:2.15=functionalTestRuntimeClasspath,stepdefsCompileClasspath,stepdefsRuntimeClasspath
org.projectlombok:lombok:1.18.24=annotationProcessor,compileClasspath,functionalTestCompileClasspath,stepdefsCompileClasspath,testCompileClasspath
empty=
